
Microsoft Visual Studio Solution File, Format Version 12.00
# Visual Studio Version 17
VisualStudioVersion = 17.1.32328.378
MinimumVisualStudioVersion = 10.0.40219.1
Project("{FAE04EC0-301F-11D3-BF4B-00C04F79EFBC}") = "BullsCow", "BullsCow\BullsCow.csproj", "{18D9B133-D3DD-4593-BD42-F2D0FF8087DD}"
EndProject
Global
	GlobalSection(SolutionConfigurationPlatforms) = preSolution
		Debug|Any CPU = Debug|Any CPU
		Release|Any CPU = Release|Any CPU
	EndGlobalSection
	GlobalSection(ProjectConfigurationPlatforms) = postSolution
		{18D9B133-D3DD-4593-BD42-F2D0FF8087DD}.Debug|Any CPU.ActiveCfg = Debug|Any CPU
		{18D9B133-D3DD-4593-BD42-F2D0FF8087DD}.Debug|Any CPU.Build.0 = Debug|Any CPU
		{18D9B133-D3DD-4593-BD42-F2D0FF8087DD}.Release|Any CPU.ActiveCfg = Release|Any CPU
		{18D9B133-D3DD-4593-BD42-F2D0FF8087DD}.Release|Any CPU.Build.0 = Release|Any CPU
	EndGlobalSection
	GlobalSection(SolutionProperties) = preSolution
		HideSolutionNode = FALSE
	EndGlobalSection
	GlobalSection(ExtensibilityGlobals) = postSolution
		SolutionGuid = {A9B9E61E-DC54-4DE2-BBB9-4B144ABF0E75}
	EndGlobalSection
EndGlobal
